// !$*UTF8*$!
{
	archiveVersion = 1;
	classes = {
	};
	objectVersion = 50;
	objects = {

/* Begin PBXBuildFile section */
		9C8399D4255F23490041908D /* AppDelegate.swift in Sources */ = {isa = PBXBuildFile; fileRef = 9C8399D3255F23490041908D /* AppDelegate.swift */; };
		9C8399D6255F23490041908D /* SceneDelegate.swift in Sources */ = {isa = PBXBuildFile; fileRef = 9C8399D5255F23490041908D /* SceneDelegate.swift */; };
		9C8399D8255F23490041908D /* ViewController.swift in Sources */ = {isa = PBXBuildFile; fileRef = 9C8399D7255F23490041908D /* ViewController.swift */; };
		9C8399DB255F23490041908D /* Main.storyboard in Resources */ = {isa = PBXBuildFile; fileRef = 9C8399D9255F23490041908D /* Main.storyboard */; };
		9C8399DD255F234B0041908D /* Assets.xcassets in Resources */ = {isa = PBXBuildFile; fileRef = 9C8399DC255F234B0041908D /* Assets.xcassets */; };
		9C8399E0255F234B0041908D /* LaunchScreen.storyboard in Resources */ = {isa = PBXBuildFile; fileRef = 9C8399DE255F234B0041908D /* LaunchScreen.storyboard */; };
		9C8399E8255F24DE0041908D /* ProjectInteractor.swift in Sources */ = {isa = PBXBuildFile; fileRef = 9C8399E7255F24DE0041908D /* ProjectInteractor.swift */; };
		9C8399EA255F25340041908D /* ProjectPresentor.swift in Sources */ = {isa = PBXBuildFile; fileRef = 9C8399E9255F25340041908D /* ProjectPresentor.swift */; };
		9C8399EC255F25480041908D /* ProjectProtocol.swift in Sources */ = {isa = PBXBuildFile; fileRef = 9C8399EB255F25480041908D /* ProjectProtocol.swift */; };
		9C8399F6255F25EF0041908D /* TodoObject.swift in Sources */ = {isa = PBXBuildFile; fileRef = 9C8399F5255F25EF0041908D /* TodoObject.swift */; };
		9C8399F9255F26060041908D /* PojectRouter.swift in Sources */ = {isa = PBXBuildFile; fileRef = 9C8399F8255F26050041908D /* PojectRouter.swift */; };
		A1A48297C3420DDF230FE197 /* Pods_ViperDemo.framework in Frameworks */ = {isa = PBXBuildFile; fileRef = 1D535FE27D09525CE7060394 /* Pods_ViperDemo.framework */; };
/* End PBXBuildFile section */

/* Begin PBXFileReference section */
		1D535FE27D09525CE7060394 /* Pods_ViperDemo.framework */ = {isa = PBXFileReference; explicitFileType = wrapper.framework; includeInIndex = 0; path = Pods_ViperDemo.framework; sourceTree = BUILT_PRODUCTS_DIR; };
		5C63C856D14631026E1488C4 /* Pods-ViperDemo.release.xcconfig */ = {isa = PBXFileReference; includeInIndex = 1; lastKnownFileType = text.xcconfig; name = "Pods-ViperDemo.release.xcconfig"; path = "Pods/Target Support Files/Pods-ViperDemo/Pods-ViperDemo.release.xcconfig"; sourceTree = "<group>"; };
		9C8399D0255F23490041908D /* ViperDemo.app */ = {isa = PBXFileReference; explicitFileType = wrapper.application; includeInIndex = 0; path = ViperDemo.app; sourceTree = BUILT_PRODUCTS_DIR; };
		9C8399D3255F23490041908D /* AppDelegate.swift */ = {isa = PBXFileReference; lastKnownFileType = sourcecode.swift; path = AppDelegate.swift; sourceTree = "<group>"; };
		9C8399D5255F23490041908D /* SceneDelegate.swift */ = {isa = PBXFileReference; lastKnownFileType = sourcecode.swift; path = SceneDelegate.swift; sourceTree = "<group>"; };
		9C8399D7255F23490041908D /* ViewController.swift */ = {isa = PBXFileReference; lastKnownFileType = sourcecode.swift; path = ViewController.swift; sourceTree = "<group>"; };
		9C8399DA255F23490041908D /* Base */ = {isa = PBXFileReference; lastKnownFileType = file.storyboard; name = Base; path = Base.lproj/Main.storyboard; sourceTree = "<group>"; };
		9C8399DC255F234B0041908D /* Assets.xcassets */ = {isa = PBXFileReference; lastKnownFileType = folder.assetcatalog; path = Assets.xcassets; sourceTree = "<group>"; };
		9C8399DF255F234B0041908D /* Base */ = {isa = PBXFileReference; lastKnownFileType = file.storyboard; name = Base; path = Base.lproj/LaunchScreen.storyboard; sourceTree = "<group>"; };
		9C8399E1255F234B0041908D /* Info.plist */ = {isa = PBXFileReference; lastKnownFileType = text.plist.xml; path = Info.plist; sourceTree = "<group>"; };
		9C8399E7255F24DE0041908D /* ProjectInteractor.swift */ = {isa = PBXFileReference; lastKnownFileType = sourcecode.swift; path = ProjectInteractor.swift; sourceTree = "<group>"; };
		9C8399E9255F25340041908D /* ProjectPresentor.swift */ = {isa = PBXFileReference; lastKnownFileType = sourcecode.swift; path = ProjectPresentor.swift; sourceTree = "<group>"; };
		9C8399EB255F25480041908D /* ProjectProtocol.swift */ = {isa = PBXFileReference; lastKnownFileType = sourcecode.swift; path = ProjectProtocol.swift; sourceTree = "<group>"; };
		9C8399F5255F25EF0041908D /* TodoObject.swift */ = {isa = PBXFileReference; lastKnownFileType = sourcecode.swift; path = TodoObject.swift; sourceTree = "<group>"; };
		9C8399F8255F26050041908D /* PojectRouter.swift */ = {isa = PBXFileReference; lastKnownFileType = sourcecode.swift; path = PojectRouter.swift; sourceTree = "<group>"; };
		BCB0433044F7B5EDB2D08B20 /* Pods-ViperDemo.debug.xcconfig */ = {isa = PBXFileReference; includeInIndex = 1; lastKnownFileType = text.xcconfig; name = "Pods-ViperDemo.debug.xcconfig"; path = "Pods/Target Support Files/Pods-ViperDemo/Pods-ViperDemo.debug.xcconfig"; sourceTree = "<group>"; };
/* End PBXFileReference section */

/* Begin PBXFrameworksBuildPhase section */
		9C8399CD255F23490041908D /* Frameworks */ = {
			isa = PBXFrameworksBuildPhase;
			buildActionMask = 2147483647;
			files = (
				A1A48297C3420DDF230FE197 /* Pods_ViperDemo.framework in Frameworks */,
			);
			runOnlyForDeploymentPostprocessing = 0;
		};
/* End PBXFrameworksBuildPhase section */

/* Begin PBXGroup section */
		7D744C14DCA5C51FA199E59C /* Pods */ = {
			isa = PBXGroup;
			children = (
				BCB0433044F7B5EDB2D08B20 /* Pods-ViperDemo.debug.xcconfig */,
				5C63C856D14631026E1488C4 /* Pods-ViperDemo.release.xcconfig */,
			);
			name = Pods;
			sourceTree = "<group>";
		};
		9C8399C7255F23490041908D = {
			isa = PBXGroup;
			children = (
				9C8399D2255F23490041908D /* ViperDemo */,
				9C8399D1255F23490041908D /* Products */,
				7D744C14DCA5C51FA199E59C /* Pods */,
				BAEA9763E3BA05A569CAF961 /* Frameworks */,
			);
			sourceTree = "<group>";
		};
		9C8399D1255F23490041908D /* Products */ = {
			isa = PBXGroup;
			children = (
				9C8399D0255F23490041908D /* ViperDemo.app */,
			);
			name = Products;
			sourceTree = "<group>";
		};
		9C8399D2255F23490041908D /* ViperDemo */ = {
			isa = PBXGroup;
			children = (
				9C8399F2255F25BC0041908D /* View Controller */,
				9C8399F1255F259F0041908D /* interactor */,
				9C8399EE255F25810041908D /* Presentor */,
				9C8399ED255F257A0041908D /* Protocol */,
				9C8399F7255F25F30041908D /* Entity */,
				9C8399FA255F261E0041908D /* Router */,
				9C8399DC255F234B0041908D /* Assets.xcassets */,
				9C8399DE255F234B0041908D /* LaunchScreen.storyboard */,
				9C8399E1255F234B0041908D /* Info.plist */,
			);
			path = ViperDemo;
			sourceTree = "<group>";
		};
		9C8399ED255F257A0041908D /* Protocol */ = {
			isa = PBXGroup;
			children = (
				9C8399EB255F25480041908D /* ProjectProtocol.swift */,
			);
			path = Protocol;
			sourceTree = "<group>";
		};
		9C8399EE255F25810041908D /* Presentor */ = {
			isa = PBXGroup;
			children = (
				9C8399E9255F25340041908D /* ProjectPresentor.swift */,
			);
			path = Presentor;
			sourceTree = "<group>";
		};
		9C8399F1255F259F0041908D /* interactor */ = {
			isa = PBXGroup;
			children = (
				9C8399E7255F24DE0041908D /* ProjectInteractor.swift */,
			);
			path = interactor;
			sourceTree = "<group>";
		};
		9C8399F2255F25BC0041908D /* View Controller */ = {
			isa = PBXGroup;
			children = (
				9C8399D7255F23490041908D /* ViewController.swift */,
				9C8399D9255F23490041908D /* Main.storyboard */,
			);
			path = "View Controller";
			sourceTree = "<group>";
		};
		9C8399F7255F25F30041908D /* Entity */ = {
			isa = PBXGroup;
			children = (
				9C8399F5255F25EF0041908D /* TodoObject.swift */,
			);
			path = Entity;
			sourceTree = "<group>";
		};
		9C8399FA255F261E0041908D /* Router */ = {
			isa = PBXGroup;
			children = (
				9C8399D3255F23490041908D /* AppDelegate.swift */,
				9C8399D5255F23490041908D /* SceneDelegate.swift */,
				9C8399F8255F26050041908D /* PojectRouter.swift */,
			);
			path = Router;
			sourceTree = "<group>";
		};
		BAEA9763E3BA05A569CAF961 /* Frameworks */ = {
			isa = PBXGroup;
			children = (
				1D535FE27D09525CE7060394 /* Pods_ViperDemo.framework */,
			);
			name = Frameworks;
			sourceTree = "<group>";
		};
/* End PBXGroup section */

/* Begin PBXNativeTarget section */
		9C8399CF255F23490041908D /* ViperDemo */ = {
			isa = PBXNativeTarget;
			buildConfigurationList = 9C8399E4255F234B0041908D /* Build configuration list for PBXNativeTarget "ViperDemo" */;
			buildPhases = (
				1E4E816456C4C9497DFB2A5D /* [CP] Check Pods Manifest.lock */,
				9C8399CC255F23490041908D /* Sources */,
				9C8399CD255F23490041908D /* Frameworks */,
				9C8399CE255F23490041908D /* Resources */,
				83BF8334C883FEFBC2AF2BBA /* [CP] Embed Pods Frameworks */,
			);
			buildRules = (
			);
			dependencies = (
			);
			name = ViperDemo;
			productName = ViperDemo;
			productReference = 9C8399D0255F23490041908D /* ViperDemo.app */;
			productType = "com.apple.product-type.application";
		};
/* End PBXNativeTarget section */

/* Begin PBXProject section */
		9C8399C8255F23490041908D /* Project object */ = {
			isa = PBXProject;
			attributes = {
				LastSwiftUpdateCheck = 1110;
				LastUpgradeCheck = 1110;
				ORGANIZATIONNAME = "Afnan Khan";
				TargetAttributes = {
					9C8399CF255F23490041908D = {
						CreatedOnToolsVersion = 11.1;
					};
				};
			};
			buildConfigurationList = 9C8399CB255F23490041908D /* Build configuration list for PBXProject "ViperDemo" */;
			compatibilityVersion = "Xcode 9.3";
			developmentRegion = en;
			hasScannedForEncodings = 0;
			knownRegions = (
				en,
				Base,
			);
			mainGroup = 9C8399C7255F23490041908D;
			productRefGroup = 9C8399D1255F23490041908D /* Products */;
			projectDirPath = "";
			projectRoot = "";
			targets = (
				9C8399CF255F23490041908D /* ViperDemo */,
			);
		};
/* End PBXProject section */

/* Begin PBXResourcesBuildPhase section */
		9C8399CE255F23490041908D /* Resources */ = {
			isa = PBXResourcesBuildPhase;
			buildActionMask = 2147483647;
			files = (
				9C8399E0255F234B0041908D /* LaunchScreen.storyboard in Resources */,
				9C8399DD255F234B0041908D /* Assets.xcassets in Resources */,
				9C8399DB255F23490041908D /* Main.storyboard in Resources */,
			);
			runOnlyForDeploymentPostprocessing = 0;
		};
/* End PBXResourcesBuildPhase section */

/* Begin PBXShellScriptBuildPhase section */
		1E4E816456C4C9497DFB2A5D /* [CP] Check Pods Manifest.lock */ = {
			isa = PBXShellScriptBuildPhase;
			buildActionMask = 2147483647;
			files = (
			);
			inputFileListPaths = (
			);
			inputPaths = (
				"${PODS_PODFILE_DIR_PATH}/Podfile.lock",
				"${PODS_ROOT}/Manifest.lock",
			);
			name = "[CP] Check Pods Manifest.lock";
			outputFileListPaths = (
			);
			outputPaths = (
				"$(DERIVED_FILE_DIR)/Pods-ViperDemo-checkManifestLockResult.txt",
			);
			runOnlyForDeploymentPostprocessing = 0;
			shellPath = /bin/sh;
			shellScript = "diff \"${PODS_PODFILE_DIR_PATH}/Podfile.lock\" \"${PODS_ROOT}/Manifest.lock\" > /dev/null\nif [ $? != 0 ] ; then\n    # print error to STDERR\n    echo \"error: The sandbox is not in sync with the Podfile.lock. Run 'pod install' or update your CocoaPods installation.\" >&2\n    exit 1\nfi\n# This output is used by Xcode 'outputs' to avoid re-running this script phase.\necho \"SUCCESS\" > \"${SCRIPT_OUTPUT_FILE_0}\"\n";
			showEnvVarsInLog = 0;
		};
		83BF8334C883FEFBC2AF2BBA /* [CP] Embed Pods Frameworks */ = {
			isa = PBXShellScriptBuildPhase;
			buildActionMask = 2147483647;
			files = (
			);
			inputFileListPaths = (
			);
			inputPaths = (
				"${SRCROOT}/Pods/Target Support Files/Pods-ViperDemo/Pods-ViperDemo-frameworks.sh",
				"${BUILT_PRODUCTS_DIR}/Alamofire/Alamofire.framework",
			);
			name = "[CP] Embed Pods Frameworks";
			outputFileListPaths = (
			);
			outputPaths = (
				"${TARGET_BUILD_DIR}/${FRAMEWORKS_FOLDER_PATH}/Alamofire.framework",
			);
			runOnlyForDeploymentPostprocessing = 0;
			shellPath = /bin/sh;
			shellScript = "\"${SRCROOT}/Pods/Target Support Files/Pods-ViperDemo/Pods-ViperDemo-frameworks.sh\"\n";
			showEnvVarsInLog = 0;
		};
/* End PBXShellScriptBuildPhase section */

/* Begin PBXSourcesBuildPhase section */
		9C8399CC255F23490041908D /* Sources */ = {
			isa = PBXSourcesBuildPhase;
			buildActionMask = 2147483647;
			files = (
				9C8399E8255F24DE0041908D /* ProjectInteractor.swift in Sources */,
				9C8399D8255F23490041908D /* ViewController.swift in Sources */,
				9C8399D4255F23490041908D /* AppDelegate.swift in Sources */,
				9C8399F9255F26060041908D /* PojectRouter.swift in Sources */,
				9C8399EA255F25340041908D /* ProjectPresentor.swift in Sources */,
				9C8399D6255F23490041908D /* SceneDelegate.swift in Sources */,
				9C8399EC255F25480041908D /* ProjectProtocol.swift in Sources */,
				9C8399F6255F25EF0041908D /* TodoObject.swift in Sources */,
			);
			runOnlyForDeploymentPostprocessing = 0;
		};
/* End PBXSourcesBuildPhase section */

/* Begin PBXVariantGroup section */
		9C8399D9255F23490041908D /* Main.storyboard */ = {
			isa = PBXVariantGroup;
			children = (
				9C8399DA255F23490041908D /* Base */,
			);
			name = Main.storyboard;
			sourceTree = "<group>";
		};
		9C8399DE255F234B0041908D /* LaunchScreen.storyboard */ = {
			isa = PBXVariantGroup;
			children = (
				9C8399DF255F234B0041908D /* Base */,
			);
			name = LaunchScreen.storyboard;
			sourceTree = "<group>";
		};
/* End PBXVariantGroup section */

/* Begin XCBuildConfiguration section */
		9C8399E2255F234B0041908D /* Debug */ = {
			isa = XCBuildConfiguration;
			buildSettings = {
				ALWAYS_SEARCH_USER_PATHS = NO;
				CLANG_ANALYZER_NONNULL = YES;
				CLANG_ANALYZER_NUMBER_OBJECT_CONVERSION = YES_AGGRESSIVE;
				CLANG_CXX_LANGUAGE_STANDARD = "gnu++14";
				CLANG_CXX_LIBRARY = "libc++";
				CLANG_ENABLE_MODULES = YES;
				CLANG_ENABLE_OBJC_ARC = YES;
				CLANG_ENABLE_OBJC_WEAK = YES;
				CLANG_WARN_BLOCK_CAPTURE_AUTORELEASING = YES;
				CLANG_WARN_BOOL_CONVERSION = YES;
				CLANG_WARN_COMMA = YES;
				CLANG_WARN_CONSTANT_CONVERSION = YES;
				CLANG_WARN_DEPRECATED_OBJC_IMPLEMENTATIONS = YES;
				CLANG_WARN_DIRECT_OBJC_ISA_USAGE = YES_ERROR;
				CLANG_WARN_DOCUMENTATION_COMMENTS = YES;
				CLANG_WARN_EMPTY_BODY = YES;
				CLANG_WARN_ENUM_CONVERSION = YES;
				CLANG_WARN_INFINITE_RECURSION = YES;
				CLANG_WARN_INT_CONVERSION = YES;
				CLANG_WARN_NON_LITERAL_NULL_CONVERSION = YES;
				CLANG_WARN_OBJC_IMPLICIT_RETAIN_SELF = YES;
				CLANG_WARN_OBJC_LITERAL_CONVERSION = YES;
				CLANG_WARN_OBJC_ROOT_CLASS = YES_ERROR;
				CLANG_WARN_RANGE_LOOP_ANALYSIS = YES;
				CLANG_WARN_STRICT_PROTOTYPES = YES;
				CLANG_WARN_SUSPICIOUS_MOVE = YES;
				CLANG_WARN_UNGUARDED_AVAILABILITY = YES_AGGRESSIVE;
				CLANG_WARN_UNREACHABLE_CODE = YES;
				CLANG_WARN__DUPLICATE_METHOD_MATCH = YES;
				COPY_PHASE_STRIP = NO;
				DEBUG_INFORMATION_FORMAT = dwarf;
				ENABLE_STRICT_OBJC_MSGSEND = YES;
				ENABLE_TESTABILITY = YES;
				GCC_C_LANGUAGE_STANDARD = gnu11;
				GCC_DYNAMIC_NO_PIC = NO;
				GCC_NO_COMMON_BLOCKS = YES;
				GCC_OPTIMIZATION_LEVEL = 0;
				GCC_PREPROCESSOR_DEFINITIONS = (
					"DEBUG=1",
					"$(inherited)",
				);
				GCC_WARN_64_TO_32_BIT_CONVERSION = YES;
				GCC_WARN_ABOUT_RETURN_TYPE = YES_ERROR;
				GCC_WARN_UNDECLARED_SELECTOR = YES;
				GCC_WARN_UNINITIALIZED_AUTOS = YES_AGGRESSIVE;
				GCC_WARN_UNUSED_FUNCTION = YES;
				GCC_WARN_UNUSED_VARIABLE = YES;
				IPHONEOS_DEPLOYMENT_TARGET = 13.1;
				MTL_ENABLE_DEBUG_INFO = INCLUDE_SOURCE;
				MTL_FAST_MATH = YES;
				ONLY_ACTIVE_ARCH = YES;
				SDKROOT = iphoneos;
				SWIFT_ACTIVE_COMPILATION_CONDITIONS = DEBUG;
				SWIFT_OPTIMIZATION_LEVEL = "-Onone";
			};
			name = Debug;
		};
		9C8399E3255F234B0041908D /* Release */ = {
			isa = XCBuildConfiguration;
			buildSettings = {
				ALWAYS_SEARCH_USER_PATHS = NO;
				CLANG_ANALYZER_NONNULL = YES;
				CLANG_ANALYZER_NUMBER_OBJECT_CONVERSION = YES_AGGRESSIVE;
				CLANG_CXX_LANGUAGE_STANDARD = "gnu++14";
				CLANG_CXX_LIBRARY = "libc++";
				CLANG_ENABLE_MODULES = YES;
				CLANG_ENABLE_OBJC_ARC = YES;
				CLANG_ENABLE_OBJC_WEAK = YES;
				CLANG_WARN_BLOCK_CAPTURE_AUTORELEASING = YES;
				CLANG_WARN_BOOL_CONVERSION = YES;
				CLANG_WARN_COMMA = YES;
				CLANG_WARN_CONSTANT_CONVERSION = YES;
				CLANG_WARN_DEPRECATED_OBJC_IMPLEMENTATIONS = YES;
				CLANG_WARN_DIRECT_OBJC_ISA_USAGE = YES_ERROR;
				CLANG_WARN_DOCUMENTATION_COMMENTS = YES;
				CLANG_WARN_EMPTY_BODY = YES;
				CLANG_WARN_ENUM_CONVERSION = YES;
				CLANG_WARN_INFINITE_RECURSION = YES;
				CLANG_WARN_INT_CONVERSION = YES;
				CLANG_WARN_NON_LITERAL_NULL_CONVERSION = YES;
				CLANG_WARN_OBJC_IMPLICIT_RETAIN_SELF = YES;
				CLANG_WARN_OBJC_LITERAL_CONVERSION = YES;
				CLANG_WARN_OBJC_ROOT_CLASS = YES_ERROR;
				CLANG_WARN_RANGE_LOOP_ANALYSIS = YES;
				CLANG_WARN_STRICT_PROTOTYPES = YES;
				CLANG_WARN_SUSPICIOUS_MOVE = YES;
				CLANG_WARN_UNGUARDED_AVAILABILITY = YES_AGGRESSIVE;
				CLANG_WARN_UNREACHABLE_CODE = YES;
				CLANG_WARN__DUPLICATE_METHOD_MATCH = YES;
				COPY_PHASE_STRIP = NO;
				DEBUG_INFORMATION_FORMAT = "dwarf-with-dsym";
				ENABLE_NS_ASSERTIONS = NO;
				ENABLE_STRICT_OBJC_MSGSEND = YES;
				GCC_C_LANGUAGE_STANDARD = gnu11;
				GCC_NO_COMMON_BLOCKS = YES;
				GCC_WARN_64_TO_32_BIT_CONVERSION = YES;
				GCC_WARN_ABOUT_RETURN_TYPE = YES_ERROR;
				GCC_WARN_UNDECLARED_SELECTOR = YES;
				GCC_WARN_UNINITIALIZED_AUTOS = YES_AGGRESSIVE;
				GCC_WARN_UNUSED_FUNCTION = YES;
				GCC_WARN_UNUSED_VARIABLE = YES;
				IPHONEOS_DEPLOYMENT_TARGET = 13.1;
				MTL_ENABLE_DEBUG_INFO = NO;
				MTL_FAST_MATH = YES;
				SDKROOT = iphoneos;
				SWIFT_COMPILATION_MODE = wholemodule;
				SWIFT_OPTIMIZATION_LEVEL = "-O";
				VALIDATE_PRODUCT = YES;
			};
			name = Release;
		};
		9C8399E5255F234B0041908D /* Debug */ = {
			isa = XCBuildConfiguration;
			baseConfigurationReference = BCB0433044F7B5EDB2D08B20 /* Pods-ViperDemo.debug.xcconfig */;
			buildSettings = {
				ASSETCATALOG_COMPILER_APPICON_NAME = AppIcon;
				CODE_SIGN_STYLE = Automatic;
				INFOPLIST_FILE = ViperDemo/Info.plist;
				LD_RUNPATH_SEARCH_PATHS = (
					"$(inherited)",
					"@executable_path/Frameworks",
				);
				PRODUCT_BUNDLE_IDENTIFIER = com.test.testingApp.ViperDemo;
				PRODUCT_NAME = "$(TARGET_NAME)";
				SWIFT_VERSION = 5.0;
				TARGETED_DEVICE_FAMILY = "1,2";
			};
			name = Debug;
		};
		9C8399E6255F234B0041908D /* Release */ = {
			isa = XCBuildConfiguration;
			baseConfigurationReference = 5C63C856D14631026E1488C4 /* Pods-ViperDemo.release.xcconfig */;
			buildSettings = {
				ASSETCATALOG_COMPILER_APPICON_NAME = AppIcon;
				CODE_SIGN_STYLE = Automatic;
				INFOPLIST_FILE = ViperDemo/Info.plist;
				LD_RUNPATH_SEARCH_PATHS = (
					"$(inherited)",
					"@executable_path/Frameworks",
				);
				PRODUCT_BUNDLE_IDENTIFIER = com.test.testingApp.ViperDemo;
				PRODUCT_NAME = "$(TARGET_NAME)";
				SWIFT_VERSION = 5.0;
				TARGETED_DEVICE_FAMILY = "1,2";
			};
			name = Release;
		};
/* End XCBuildConfiguration section */

/* Begin XCConfigurationList section */
		9C8399CB255F23490041908D /* Build configuration list for PBXProject "ViperDemo" */ = {
			isa = XCConfigurationList;
			buildConfigurations = (
				9C8399E2255F234B0041908D /* Debug */,
				9C8399E3255F234B0041908D /* Release */,
			);
			defaultConfigurationIsVisible = 0;
			defaultConfigurationName = Release;
		};
		9C8399E4255F234B0041908D /* Build configuration list for PBXNativeTarget "ViperDemo" */ = {
			isa = XCConfigurationList;
			buildConfigurations = (
				9C8399E5255F234B0041908D /* Debug */,
				9C8399E6255F234B0041908D /* Release */,
			);
			defaultConfigurationIsVisible = 0;
			defaultConfigurationName = Release;
		};
/* End XCConfigurationList section */
	};
	rootObject = 9C8399C8255F23490041908D /* Project object */;
}
